
Microsoft Visual Studio Solution File, Format Version 12.00
Project("{FAE04EC0-301F-11D3-BF4B-00C04F79EFBC}") = "Cringules.NGram.Lib", "Cringules.NGram.Lib\Cringules.NGram.Lib.csproj", "{310F67ED-6E9A-41AD-B226-6C93EDEF3A2B}"
EndProject
Project("{FAE04EC0-301F-11D3-BF4B-00C04F79EFBC}") = "TestLib", "TestLib\TestLib.csproj", "{3B7C6879-7D7D-4D55-A025-E899FCE7377A}"
EndProject
Global
	GlobalSection(SolutionConfigurationPlatforms) = preSolution
		Debug|Any CPU = Debug|Any CPU
		Release|Any CPU = Release|Any CPU
	EndGlobalSection
	GlobalSection(ProjectConfigurationPlatforms) = postSolution
		{310F67ED-6E9A-41AD-B226-6C93EDEF3A2B}.Debug|Any CPU.ActiveCfg = Debug|Any CPU
		{310F67ED-6E9A-41AD-B226-6C93EDEF3A2B}.Debug|Any CPU.Build.0 = Debug|Any CPU
		{310F67ED-6E9A-41AD-B226-6C93EDEF3A2B}.Release|Any CPU.ActiveCfg = Release|Any CPU
		{310F67ED-6E9A-41AD-B226-6C93EDEF3A2B}.Release|Any CPU.Build.0 = Release|Any CPU
		{3B7C6879-7D7D-4D55-A025-E899FCE7377A}.Debug|Any CPU.ActiveCfg = Debug|Any CPU
		{3B7C6879-7D7D-4D55-A025-E899FCE7377A}.Debug|Any CPU.Build.0 = Debug|Any CPU
		{3B7C6879-7D7D-4D55-A025-E899FCE7377A}.Release|Any CPU.ActiveCfg = Release|Any CPU
		{3B7C6879-7D7D-4D55-A025-E899FCE7377A}.Release|Any CPU.Build.0 = Release|Any CPU
	EndGlobalSection
EndGlobal
